
Microsoft Visual Studio Solution File, Format Version 12.00
# Visual Studio Version 16
VisualStudioVersion = 16.0.30717.126
MinimumVisualStudioVersion = 10.0.40219.1
Project("{8BC9CEB8-8B4A-11D0-8D11-00A0C91BC942}") = "c-programming-005-operatorsMinuteConverter", "c-programming-005-operatorsMinuteConverter\c-programming-005-operatorsMinuteConverter.vcxproj", "{74239A99-E9D7-4DF7-9582-B93F397264BE}"
EndProject
Global
	GlobalSection(SolutionConfigurationPlatforms) = preSolution
		Debug|x64 = Debug|x64
		Debug|x86 = Debug|x86
		Release|x64 = Release|x64
		Release|x86 = Release|x86
	EndGlobalSection
	GlobalSection(ProjectConfigurationPlatforms) = postSolution
		{74239A99-E9D7-4DF7-9582-B93F397264BE}.Debug|x64.ActiveCfg = Debug|x64
		{74239A99-E9D7-4DF7-9582-B93F397264BE}.Debug|x64.Build.0 = Debug|x64
		{74239A99-E9D7-4DF7-9582-B93F397264BE}.Debug|x86.ActiveCfg = Debug|Win32
		{74239A99-E9D7-4DF7-9582-B93F397264BE}.Debug|x86.Build.0 = Debug|Win32
		{74239A99-E9D7-4DF7-9582-B93F397264BE}.Release|x64.ActiveCfg = Release|x64
		{74239A99-E9D7-4DF7-9582-B93F397264BE}.Release|x64.Build.0 = Release|x64
		{74239A99-E9D7-4DF7-9582-B93F397264BE}.Release|x86.ActiveCfg = Release|Win32
		{74239A99-E9D7-4DF7-9582-B93F397264BE}.Release|x86.Build.0 = Release|Win32
	EndGlobalSection
	GlobalSection(SolutionProperties) = preSolution
		HideSolutionNode = FALSE
	EndGlobalSection
	GlobalSection(ExtensibilityGlobals) = postSolution
		SolutionGuid = {1BB3DE20-7BCC-4C65-87ED-2DBC67C8044D}
	EndGlobalSection
EndGlobal
